
Microsoft Visual Studio Solution File, Format Version 12.00
# Visual Studio Version 17
VisualStudioVersion = 17.1.32228.430
MinimumVisualStudioVersion = 10.0.40219.1
Project("{FAE04EC0-301F-11D3-BF4B-00C04F79EFBC}") = "Hotel1S", "Hotel1S\Hotel1S.csproj", "{3398EABC-6BE0-4922-967B-E3E007B808A1}"
EndProject
Global
	GlobalSection(SolutionConfigurationPlatforms) = preSolution
		Debug|Any CPU = Debug|Any CPU
		Release|Any CPU = Release|Any CPU
	EndGlobalSection
	GlobalSection(ProjectConfigurationPlatforms) = postSolution
		{3398EABC-6BE0-4922-967B-E3E007B808A1}.Debug|Any CPU.ActiveCfg = Debug|Any CPU
		{3398EABC-6BE0-4922-967B-E3E007B808A1}.Debug|Any CPU.Build.0 = Debug|Any CPU
		{3398EABC-6BE0-4922-967B-E3E007B808A1}.Release|Any CPU.ActiveCfg = Release|Any CPU
		{3398EABC-6BE0-4922-967B-E3E007B808A1}.Release|Any CPU.Build.0 = Release|Any CPU
	EndGlobalSection
	GlobalSection(SolutionProperties) = preSolution
		HideSolutionNode = FALSE
	EndGlobalSection
	GlobalSection(ExtensibilityGlobals) = postSolution
		SolutionGuid = {DFB1A3D0-AF8A-43E3-A1F4-CE58741F9990}
	EndGlobalSection
EndGlobal
